
Microsoft Visual Studio Solution File, Format Version 12.00
# Visual Studio Version 17
VisualStudioVersion = 17.5.33414.496
MinimumVisualStudioVersion = 10.0.40219.1
Project("{FAE04EC0-301F-11D3-BF4B-00C04F79EFBC}") = "28.02.23", "28.02.23\28.02.23.csproj", "{29339D83-FA35-411E-8D04-DF3C9ACB99FF}"
EndProject
Global
	GlobalSection(SolutionConfigurationPlatforms) = preSolution
		Debug|Any CPU = Debug|Any CPU
		Release|Any CPU = Release|Any CPU
	EndGlobalSection
	GlobalSection(ProjectConfigurationPlatforms) = postSolution
		{29339D83-FA35-411E-8D04-DF3C9ACB99FF}.Debug|Any CPU.ActiveCfg = Debug|Any CPU
		{29339D83-FA35-411E-8D04-DF3C9ACB99FF}.Debug|Any CPU.Build.0 = Debug|Any CPU
		{29339D83-FA35-411E-8D04-DF3C9ACB99FF}.Release|Any CPU.ActiveCfg = Release|Any CPU
		{29339D83-FA35-411E-8D04-DF3C9ACB99FF}.Release|Any CPU.Build.0 = Release|Any CPU
	EndGlobalSection
	GlobalSection(SolutionProperties) = preSolution
		HideSolutionNode = FALSE
	EndGlobalSection
	GlobalSection(ExtensibilityGlobals) = postSolution
		SolutionGuid = {B7EB8FD6-E095-4CF9-A417-80100D51F965}
	EndGlobalSection
EndGlobal
